
Microsoft Visual Studio Solution File, Format Version 12.00
# Visual Studio Version 17
VisualStudioVersion = 17.12.35527.113
MinimumVisualStudioVersion = 10.0.40219.1
Project("{FAE04EC0-301F-11D3-BF4B-00C04F79EFBC}") = "TerraFluent.Chart.Reporting", "src\TerraFluent.Chart.Reporting\TerraFluent.Chart.Reporting.csproj", "{A1B2C3D4-E5F6-7890-ABCD-EF1234567890}"
EndProject
Project("{FAE04EC0-301F-11D3-BF4B-00C04F79EFBC}") = "TerraFluent.Chart.Reporting.Tests", "tests\TerraFluent.Chart.Reporting.Tests\TerraFluent.Chart.Reporting.Tests.csproj", "{B2C3D4E5-F6A7-8901-BCDE-F12345678901}"
EndProject
Project("{FAE04EC0-301F-11D3-BF4B-00C04F79EFBC}") = "TerraFluent.Chart.Reporting.Samples", "samples\TerraFluent.Chart.Reporting.Samples\TerraFluent.Chart.Reporting.Samples.csproj", "{C3D4E5F6-A7B8-9012-CDEF-123456789012}"
EndProject
Project("{2150E333-8FDC-42A3-9474-1A3956D46DE8}") = "tests", "tests", "{0AB3BF05-4346-4AA6-1389-037BE0695223}"
EndProject
Project("{FAE04EC0-301F-11D3-BF4B-00C04F79EFBC}") = "TerraFluent.Chart.Reporting.Benchmarks", "tests\TerraFluent.Chart.Reporting.Benchmarks\TerraFluent.Chart.Reporting.Benchmarks.csproj", "{253AB5EF-F109-4D24-BBB3-B459062B9DDB}"
EndProject
Project("{2150E333-8FDC-42A3-9474-1A3956D46DE8}") = "src", "src", "{827E0CD3-B72D-47B6-A68D-7590B98EB39B}"
EndProject
Project("{FAE04EC0-301F-11D3-BF4B-00C04F79EFBC}") = "TerraFluent.Chart.Reporting.Api", "src\TerraFluent.Chart.Reporting.Api\TerraFluent.Chart.Reporting.Api.csproj", "{8C03A0E9-4C6A-4296-80D3-B959F7BFE04E}"
EndProject
Project("{FAE04EC0-301F-11D3-BF4B-00C04F79EFBC}") = "TerraFluent.AutoAnalytics", "src\TerraFluent.AutoAnalytics\TerraFluent.AutoAnalytics.csproj", "{6DAFB8F0-1AD1-4D35-9854-FC14FCFDB273}"
EndProject
Project("{FAE04EC0-301F-11D3-BF4B-00C04F79EFBC}") = "TerraFluent.AutoAnalytics.Tests", "tests\TerraFluent.AutoAnalytics.Tests\TerraFluent.AutoAnalytics.Tests.csproj", "{3B930F0D-AE57-437E-BFD4-F47AB1CECC2A}"
EndProject
Project("{FAE04EC0-301F-11D3-BF4B-00C04F79EFBC}") = "TerraFluent.Chart.Reporting.Api.Tests", "tests\TerraFluent.Chart.Reporting.Api.Tests\TerraFluent.Chart.Reporting.Api.Tests.csproj", "{1E57E407-F11A-48F4-8BE3-7B12AFEF7BC7}"
EndProject
Project("{FAE04EC0-301F-11D3-BF4B-00C04F79EFBC}") = "TerraFluent.Chart.Reporting.Web", "src\TerraFluent.Chart.Reporting.Web\TerraFluent.Chart.Reporting.Web.csproj", "{D1C53BB9-01D2-4502-A0ED-A5BF458C27DE}"
EndProject
Project("{FAE04EC0-301F-11D3-BF4B-00C04F79EFBC}") = "TerraFluent.AutoAnalytics.Connectors", "src\TerraFluent.AutoAnalytics.Connectors\TerraFluent.AutoAnalytics.Connectors.csproj", "{9901B1A9-2459-4C51-9686-6C536F7E8A61}"
EndProject
Project("{FAE04EC0-301F-11D3-BF4B-00C04F79EFBC}") = "TerraFluent.AutoAnalytics.Connectors.Tests", "tests\TerraFluent.AutoAnalytics.Connectors.Tests\TerraFluent.AutoAnalytics.Connectors.Tests.csproj", "{7634771D-6FCE-46E5-9FEC-3BC863B4E483}"
EndProject
Global
	GlobalSection(SolutionConfigurationPlatforms) = preSolution
		Debug|Any CPU = Debug|Any CPU
		Debug|x64 = Debug|x64
		Debug|x86 = Debug|x86
		Release|Any CPU = Release|Any CPU
		Release|x64 = Release|x64
		Release|x86 = Release|x86
	EndGlobalSection
	GlobalSection(ProjectConfigurationPlatforms) = postSolution
		{A1B2C3D4-E5F6-7890-ABCD-EF1234567890}.Debug|Any CPU.ActiveCfg = Debug|Any CPU
		{A1B2C3D4-E5F6-7890-ABCD-EF1234567890}.Debug|Any CPU.Build.0 = Debug|Any CPU
		{A1B2C3D4-E5F6-7890-ABCD-EF1234567890}.Debug|x64.ActiveCfg = Debug|Any CPU
		{A1B2C3D4-E5F6-7890-ABCD-EF1234567890}.Debug|x64.Build.0 = Debug|Any CPU
		{A1B2C3D4-E5F6-7890-ABCD-EF1234567890}.Debug|x86.ActiveCfg = Debug|Any CPU
		{A1B2C3D4-E5F6-7890-ABCD-EF1234567890}.Debug|x86.Build.0 = Debug|Any CPU
		{A1B2C3D4-E5F6-7890-ABCD-EF1234567890}.Release|Any CPU.ActiveCfg = Release|Any CPU
		{A1B2C3D4-E5F6-7890-ABCD-EF1234567890}.Release|Any CPU.Build.0 = Release|Any CPU
		{A1B2C3D4-E5F6-7890-ABCD-EF1234567890}.Release|x64.ActiveCfg = Release|Any CPU
		{A1B2C3D4-E5F6-7890-ABCD-EF1234567890}.Release|x64.Build.0 = Release|Any CPU
		{A1B2C3D4-E5F6-7890-ABCD-EF1234567890}.Release|x86.ActiveCfg = Release|Any CPU
		{A1B2C3D4-E5F6-7890-ABCD-EF1234567890}.Release|x86.Build.0 = Release|Any CPU
		{B2C3D4E5-F6A7-8901-BCDE-F12345678901}.Debug|Any CPU.ActiveCfg = Debug|Any CPU
		{B2C3D4E5-F6A7-8901-BCDE-F12345678901}.Debug|Any CPU.Build.0 = Debug|Any CPU
		{B2C3D4E5-F6A7-8901-BCDE-F12345678901}.Debug|x64.ActiveCfg = Debug|Any CPU
		{B2C3D4E5-F6A7-8901-BCDE-F12345678901}.Debug|x64.Build.0 = Debug|Any CPU
		{B2C3D4E5-F6A7-8901-BCDE-F12345678901}.Debug|x86.ActiveCfg = Debug|Any CPU
		{B2C3D4E5-F6A7-8901-BCDE-F12345678901}.Debug|x86.Build.0 = Debug|Any CPU
		{B2C3D4E5-F6A7-8901-BCDE-F12345678901}.Release|Any CPU.ActiveCfg = Release|Any CPU
		{B2C3D4E5-F6A7-8901-BCDE-F12345678901}.Release|Any CPU.Build.0 = Release|Any CPU
		{B2C3D4E5-F6A7-8901-BCDE-F12345678901}.Release|x64.ActiveCfg = Release|Any CPU
		{B2C3D4E5-F6A7-8901-BCDE-F12345678901}.Release|x64.Build.0 = Release|Any CPU
		{B2C3D4E5-F6A7-8901-BCDE-F12345678901}.Release|x86.ActiveCfg = Release|Any CPU
		{B2C3D4E5-F6A7-8901-BCDE-F12345678901}.Release|x86.Build.0 = Release|Any CPU
		{C3D4E5F6-A7B8-9012-CDEF-123456789012}.Debug|Any CPU.ActiveCfg = Debug|Any CPU
		{C3D4E5F6-A7B8-9012-CDEF-123456789012}.Debug|Any CPU.Build.0 = Debug|Any CPU
		{C3D4E5F6-A7B8-9012-CDEF-123456789012}.Debug|x64.ActiveCfg = Debug|Any CPU
		{C3D4E5F6-A7B8-9012-CDEF-123456789012}.Debug|x64.Build.0 = Debug|Any CPU
		{C3D4E5F6-A7B8-9012-CDEF-123456789012}.Debug|x86.ActiveCfg = Debug|Any CPU
		{C3D4E5F6-A7B8-9012-CDEF-123456789012}.Debug|x86.Build.0 = Debug|Any CPU
		{C3D4E5F6-A7B8-9012-CDEF-123456789012}.Release|Any CPU.ActiveCfg = Release|Any CPU
		{C3D4E5F6-A7B8-9012-CDEF-123456789012}.Release|Any CPU.Build.0 = Release|Any CPU
		{C3D4E5F6-A7B8-9012-CDEF-123456789012}.Release|x64.ActiveCfg = Release|Any CPU
		{C3D4E5F6-A7B8-9012-CDEF-123456789012}.Release|x64.Build.0 = Release|Any CPU
		{C3D4E5F6-A7B8-9012-CDEF-123456789012}.Release|x86.ActiveCfg = Release|Any CPU
		{C3D4E5F6-A7B8-9012-CDEF-123456789012}.Release|x86.Build.0 = Release|Any CPU
		{253AB5EF-F109-4D24-BBB3-B459062B9DDB}.Debug|Any CPU.ActiveCfg = Debug|Any CPU
		{253AB5EF-F109-4D24-BBB3-B459062B9DDB}.Debug|Any CPU.Build.0 = Debug|Any CPU
		{253AB5EF-F109-4D24-BBB3-B459062B9DDB}.Debug|x64.ActiveCfg = Debug|Any CPU
		{253AB5EF-F109-4D24-BBB3-B459062B9DDB}.Debug|x64.Build.0 = Debug|Any CPU
		{253AB5EF-F109-4D24-BBB3-B459062B9DDB}.Debug|x86.ActiveCfg = Debug|Any CPU
		{253AB5EF-F109-4D24-BBB3-B459062B9DDB}.Debug|x86.Build.0 = Debug|Any CPU
		{253AB5EF-F109-4D24-BBB3-B459062B9DDB}.Release|Any CPU.ActiveCfg = Release|Any CPU
		{253AB5EF-F109-4D24-BBB3-B459062B9DDB}.Release|Any CPU.Build.0 = Release|Any CPU
		{253AB5EF-F109-4D24-BBB3-B459062B9DDB}.Release|x64.ActiveCfg = Release|Any CPU
		{253AB5EF-F109-4D24-BBB3-B459062B9DDB}.Release|x64.Build.0 = Release|Any CPU
		{253AB5EF-F109-4D24-BBB3-B459062B9DDB}.Release|x86.ActiveCfg = Release|Any CPU
		{253AB5EF-F109-4D24-BBB3-B459062B9DDB}.Release|x86.Build.0 = Release|Any CPU
		{8C03A0E9-4C6A-4296-80D3-B959F7BFE04E}.Debug|Any CPU.ActiveCfg = Debug|Any CPU
		{8C03A0E9-4C6A-4296-80D3-B959F7BFE04E}.Debug|Any CPU.Build.0 = Debug|Any CPU
		{8C03A0E9-4C6A-4296-80D3-B959F7BFE04E}.Debug|x64.ActiveCfg = Debug|Any CPU
		{8C03A0E9-4C6A-4296-80D3-B959F7BFE04E}.Debug|x64.Build.0 = Debug|Any CPU
		{8C03A0E9-4C6A-4296-80D3-B959F7BFE04E}.Debug|x86.ActiveCfg = Debug|Any CPU
		{8C03A0E9-4C6A-4296-80D3-B959F7BFE04E}.Debug|x86.Build.0 = Debug|Any CPU
		{8C03A0E9-4C6A-4296-80D3-B959F7BFE04E}.Release|Any CPU.ActiveCfg = Release|Any CPU
		{8C03A0E9-4C6A-4296-80D3-B959F7BFE04E}.Release|Any CPU.Build.0 = Release|Any CPU
		{8C03A0E9-4C6A-4296-80D3-B959F7BFE04E}.Release|x64.ActiveCfg = Release|Any CPU
		{8C03A0E9-4C6A-4296-80D3-B959F7BFE04E}.Release|x64.Build.0 = Release|Any CPU
		{8C03A0E9-4C6A-4296-80D3-B959F7BFE04E}.Release|x86.ActiveCfg = Release|Any CPU
		{8C03A0E9-4C6A-4296-80D3-B959F7BFE04E}.Release|x86.Build.0 = Release|Any CPU
		{6DAFB8F0-1AD1-4D35-9854-FC14FCFDB273}.Debug|Any CPU.ActiveCfg = Debug|Any CPU
		{6DAFB8F0-1AD1-4D35-9854-FC14FCFDB273}.Debug|Any CPU.Build.0 = Debug|Any CPU
		{6DAFB8F0-1AD1-4D35-9854-FC14FCFDB273}.Debug|x64.ActiveCfg = Debug|Any CPU
		{6DAFB8F0-1AD1-4D35-9854-FC14FCFDB273}.Debug|x64.Build.0 = Debug|Any CPU
		{6DAFB8F0-1AD1-4D35-9854-FC14FCFDB273}.Debug|x86.ActiveCfg = Debug|Any CPU
		{6DAFB8F0-1AD1-4D35-9854-FC14FCFDB273}.Debug|x86.Build.0 = Debug|Any CPU
		{6DAFB8F0-1AD1-4D35-9854-FC14FCFDB273}.Release|Any CPU.ActiveCfg = Release|Any CPU
		{6DAFB8F0-1AD1-4D35-9854-FC14FCFDB273}.Release|Any CPU.Build.0 = Release|Any CPU
		{6DAFB8F0-1AD1-4D35-9854-FC14FCFDB273}.Release|x64.ActiveCfg = Release|Any CPU
		{6DAFB8F0-1AD1-4D35-9854-FC14FCFDB273}.Release|x64.Build.0 = Release|Any CPU
		{6DAFB8F0-1AD1-4D35-9854-FC14FCFDB273}.Release|x86.ActiveCfg = Release|Any CPU
		{6DAFB8F0-1AD1-4D35-9854-FC14FCFDB273}.Release|x86.Build.0 = Release|Any CPU
		{3B930F0D-AE57-437E-BFD4-F47AB1CECC2A}.Debug|Any CPU.ActiveCfg = Debug|Any CPU
		{3B930F0D-AE57-437E-BFD4-F47AB1CECC2A}.Debug|Any CPU.Build.0 = Debug|Any CPU
		{3B930F0D-AE57-437E-BFD4-F47AB1CECC2A}.Debug|x64.ActiveCfg = Debug|Any CPU
		{3B930F0D-AE57-437E-BFD4-F47AB1CECC2A}.Debug|x64.Build.0 = Debug|Any CPU
		{3B930F0D-AE57-437E-BFD4-F47AB1CECC2A}.Debug|x86.ActiveCfg = Debug|Any CPU
		{3B930F0D-AE57-437E-BFD4-F47AB1CECC2A}.Debug|x86.Build.0 = Debug|Any CPU
		{3B930F0D-AE57-437E-BFD4-F47AB1CECC2A}.Release|Any CPU.ActiveCfg = Release|Any CPU
		{3B930F0D-AE57-437E-BFD4-F47AB1CECC2A}.Release|Any CPU.Build.0 = Release|Any CPU
		{3B930F0D-AE57-437E-BFD4-F47AB1CECC2A}.Release|x64.ActiveCfg = Release|Any CPU
		{3B930F0D-AE57-437E-BFD4-F47AB1CECC2A}.Release|x64.Build.0 = Release|Any CPU
		{3B930F0D-AE57-437E-BFD4-F47AB1CECC2A}.Release|x86.ActiveCfg = Release|Any CPU
		{3B930F0D-AE57-437E-BFD4-F47AB1CECC2A}.Release|x86.Build.0 = Release|Any CPU
		{1E57E407-F11A-48F4-8BE3-7B12AFEF7BC7}.Debug|Any CPU.ActiveCfg = Debug|Any CPU
		{1E57E407-F11A-48F4-8BE3-7B12AFEF7BC7}.Debug|Any CPU.Build.0 = Debug|Any CPU
		{1E57E407-F11A-48F4-8BE3-7B12AFEF7BC7}.Debug|x64.ActiveCfg = Debug|Any CPU
		{1E57E407-F11A-48F4-8BE3-7B12AFEF7BC7}.Debug|x64.Build.0 = Debug|Any CPU
		{1E57E407-F11A-48F4-8BE3-7B12AFEF7BC7}.Debug|x86.ActiveCfg = Debug|Any CPU
		{1E57E407-F11A-48F4-8BE3-7B12AFEF7BC7}.Debug|x86.Build.0 = Debug|Any CPU
		{1E57E407-F11A-48F4-8BE3-7B12AFEF7BC7}.Release|Any CPU.ActiveCfg = Release|Any CPU
		{1E57E407-F11A-48F4-8BE3-7B12AFEF7BC7}.Release|Any CPU.Build.0 = Release|Any CPU
		{1E57E407-F11A-48F4-8BE3-7B12AFEF7BC7}.Release|x64.ActiveCfg = Release|Any CPU
		{1E57E407-F11A-48F4-8BE3-7B12AFEF7BC7}.Release|x64.Build.0 = Release|Any CPU
		{1E57E407-F11A-48F4-8BE3-7B12AFEF7BC7}.Release|x86.ActiveCfg = Release|Any CPU
		{1E57E407-F11A-48F4-8BE3-7B12AFEF7BC7}.Release|x86.Build.0 = Release|Any CPU
		{D1C53BB9-01D2-4502-A0ED-A5BF458C27DE}.Debug|Any CPU.ActiveCfg = Debug|Any CPU
		{D1C53BB9-01D2-4502-A0ED-A5BF458C27DE}.Debug|Any CPU.Build.0 = Debug|Any CPU
		{D1C53BB9-01D2-4502-A0ED-A5BF458C27DE}.Debug|x64.ActiveCfg = Debug|Any CPU
		{D1C53BB9-01D2-4502-A0ED-A5BF458C27DE}.Debug|x64.Build.0 = Debug|Any CPU
		{D1C53BB9-01D2-4502-A0ED-A5BF458C27DE}.Debug|x86.ActiveCfg = Debug|Any CPU
		{D1C53BB9-01D2-4502-A0ED-A5BF458C27DE}.Debug|x86.Build.0 = Debug|Any CPU
		{D1C53BB9-01D2-4502-A0ED-A5BF458C27DE}.Release|Any CPU.ActiveCfg = Release|Any CPU
		{D1C53BB9-01D2-4502-A0ED-A5BF458C27DE}.Release|Any CPU.Build.0 = Release|Any CPU
		{D1C53BB9-01D2-4502-A0ED-A5BF458C27DE}.Release|x64.ActiveCfg = Release|Any CPU
		{D1C53BB9-01D2-4502-A0ED-A5BF458C27DE}.Release|x64.Build.0 = Release|Any CPU
		{D1C53BB9-01D2-4502-A0ED-A5BF458C27DE}.Release|x86.ActiveCfg = Release|Any CPU
		{D1C53BB9-01D2-4502-A0ED-A5BF458C27DE}.Release|x86.Build.0 = Release|Any CPU
		{9901B1A9-2459-4C51-9686-6C536F7E8A61}.Debug|Any CPU.ActiveCfg = Debug|Any CPU
		{9901B1A9-2459-4C51-9686-6C536F7E8A61}.Debug|Any CPU.Build.0 = Debug|Any CPU
		{9901B1A9-2459-4C51-9686-6C536F7E8A61}.Debug|x64.ActiveCfg = Debug|Any CPU
		{9901B1A9-2459-4C51-9686-6C536F7E8A61}.Debug|x64.Build.0 = Debug|Any CPU
		{9901B1A9-2459-4C51-9686-6C536F7E8A61}.Debug|x86.ActiveCfg = Debug|Any CPU
		{9901B1A9-2459-4C51-9686-6C536F7E8A61}.Debug|x86.Build.0 = Debug|Any CPU
		{9901B1A9-2459-4C51-9686-6C536F7E8A61}.Release|Any CPU.ActiveCfg = Release|Any CPU
		{9901B1A9-2459-4C51-9686-6C536F7E8A61}.Release|Any CPU.Build.0 = Release|Any CPU
		{9901B1A9-2459-4C51-9686-6C536F7E8A61}.Release|x64.ActiveCfg = Release|Any CPU
		{9901B1A9-2459-4C51-9686-6C536F7E8A61}.Release|x64.Build.0 = Release|Any CPU
		{9901B1A9-2459-4C51-9686-6C536F7E8A61}.Release|x86.ActiveCfg = Release|Any CPU
		{9901B1A9-2459-4C51-9686-6C536F7E8A61}.Release|x86.Build.0 = Release|Any CPU
		{7634771D-6FCE-46E5-9FEC-3BC863B4E483}.Debug|Any CPU.ActiveCfg = Debug|Any CPU
		{7634771D-6FCE-46E5-9FEC-3BC863B4E483}.Debug|Any CPU.Build.0 = Debug|Any CPU
		{7634771D-6FCE-46E5-9FEC-3BC863B4E483}.Debug|x64.ActiveCfg = Debug|Any CPU
		{7634771D-6FCE-46E5-9FEC-3BC863B4E483}.Debug|x64.Build.0 = Debug|Any CPU
		{7634771D-6FCE-46E5-9FEC-3BC863B4E483}.Debug|x86.ActiveCfg = Debug|Any CPU
		{7634771D-6FCE-46E5-9FEC-3BC863B4E483}.Debug|x86.Build.0 = Debug|Any CPU
		{7634771D-6FCE-46E5-9FEC-3BC863B4E483}.Release|Any CPU.ActiveCfg = Release|Any CPU
		{7634771D-6FCE-46E5-9FEC-3BC863B4E483}.Release|Any CPU.Build.0 = Release|Any CPU
		{7634771D-6FCE-46E5-9FEC-3BC863B4E483}.Release|x64.ActiveCfg = Release|Any CPU
		{7634771D-6FCE-46E5-9FEC-3BC863B4E483}.Release|x64.Build.0 = Release|Any CPU
		{7634771D-6FCE-46E5-9FEC-3BC863B4E483}.Release|x86.ActiveCfg = Release|Any CPU
		{7634771D-6FCE-46E5-9FEC-3BC863B4E483}.Release|x86.Build.0 = Release|Any CPU
	EndGlobalSection
	GlobalSection(SolutionProperties) = preSolution
		HideSolutionNode = FALSE
	EndGlobalSection
	GlobalSection(NestedProjects) = preSolution
		{253AB5EF-F109-4D24-BBB3-B459062B9DDB} = {0AB3BF05-4346-4AA6-1389-037BE0695223}
		{8C03A0E9-4C6A-4296-80D3-B959F7BFE04E} = {827E0CD3-B72D-47B6-A68D-7590B98EB39B}
		{6DAFB8F0-1AD1-4D35-9854-FC14FCFDB273} = {827E0CD3-B72D-47B6-A68D-7590B98EB39B}
		{3B930F0D-AE57-437E-BFD4-F47AB1CECC2A} = {0AB3BF05-4346-4AA6-1389-037BE0695223}
		{1E57E407-F11A-48F4-8BE3-7B12AFEF7BC7} = {0AB3BF05-4346-4AA6-1389-037BE0695223}
		{D1C53BB9-01D2-4502-A0ED-A5BF458C27DE} = {827E0CD3-B72D-47B6-A68D-7590B98EB39B}
		{9901B1A9-2459-4C51-9686-6C536F7E8A61} = {827E0CD3-B72D-47B6-A68D-7590B98EB39B}
		{7634771D-6FCE-46E5-9FEC-3BC863B4E483} = {0AB3BF05-4346-4AA6-1389-037BE0695223}
	EndGlobalSection
EndGlobal
